
Microsoft Visual Studio Solution File, Format Version 12.00
# Visual Studio Version 17
VisualStudioVersion = 17.8.34330.188
MinimumVisualStudioVersion = 10.0.40219.1
Project("{FAE04EC0-301F-11D3-BF4B-00C04F79EFBC}") = "eShop", "eShop\eShop.csproj", "{B28962C5-665D-4BAF-A113-70C2706DBFFC}"
EndProject
Global
	GlobalSection(SolutionConfigurationPlatforms) = preSolution
		Debug|Any CPU = Debug|Any CPU
		Release|Any CPU = Release|Any CPU
	EndGlobalSection
	GlobalSection(ProjectConfigurationPlatforms) = postSolution
		{B28962C5-665D-4BAF-A113-70C2706DBFFC}.Debug|Any CPU.ActiveCfg = Debug|Any CPU
		{B28962C5-665D-4BAF-A113-70C2706DBFFC}.Debug|Any CPU.Build.0 = Debug|Any CPU
		{B28962C5-665D-4BAF-A113-70C2706DBFFC}.Release|Any CPU.ActiveCfg = Release|Any CPU
		{B28962C5-665D-4BAF-A113-70C2706DBFFC}.Release|Any CPU.Build.0 = Release|Any CPU
	EndGlobalSection
	GlobalSection(SolutionProperties) = preSolution
		HideSolutionNode = FALSE
	EndGlobalSection
	GlobalSection(ExtensibilityGlobals) = postSolution
		SolutionGuid = {5D5F8823-62BA-454D-94EC-52DACDBC3712}
	EndGlobalSection
EndGlobal
